
Microsoft Visual Studio Solution File, Format Version 12.00
# Visual Studio Version 16
VisualStudioVersion = 16.0.29503.13
MinimumVisualStudioVersion = 10.0.40219.1
Project("{FAE04EC0-301F-11D3-BF4B-00C04F79EFBC}") = "HelloMindtree", "HelloMindtree\HelloMindtree.csproj", "{BB2DC4DF-2014-4ACD-9238-643B22653481}"
EndProject
Global
	GlobalSection(SolutionConfigurationPlatforms) = preSolution
		Debug|Any CPU = Debug|Any CPU
		Release|Any CPU = Release|Any CPU
	EndGlobalSection
	GlobalSection(ProjectConfigurationPlatforms) = postSolution
		{BB2DC4DF-2014-4ACD-9238-643B22653481}.Debug|Any CPU.ActiveCfg = Debug|Any CPU
		{BB2DC4DF-2014-4ACD-9238-643B22653481}.Debug|Any CPU.Build.0 = Debug|Any CPU
		{BB2DC4DF-2014-4ACD-9238-643B22653481}.Release|Any CPU.ActiveCfg = Release|Any CPU
		{BB2DC4DF-2014-4ACD-9238-643B22653481}.Release|Any CPU.Build.0 = Release|Any CPU
	EndGlobalSection
	GlobalSection(SolutionProperties) = preSolution
		HideSolutionNode = FALSE
	EndGlobalSection
	GlobalSection(ExtensibilityGlobals) = postSolution
		SolutionGuid = {D89CF240-39A2-47BD-8774-1C127C2CD7A7}
	EndGlobalSection
EndGlobal
